PODS:
  - SVProgressHUD (2.2.5)

DEPENDENCIES:
  - SVProgressHUD

SPEC REPOS:
  https://github.com/cocoapods/specs.git:
    - SVProgressHUD

SPEC CHECKSUMS:
  SVProgressHUD: 1428aafac632c1f86f62aa4243ec12008d7a51d6

PODFILE CHECKSUM: 36375f87e23116a155a0cdbc914c8b57987fe451

COCOAPODS: 1.6.0.beta.1
